// !$*UTF8*$!
{
	archiveVersion = 1;
	classes = {
	};
	objectVersion = 56;
	objects = {

/* Begin PBXBuildFile section */
		B1CE2F28E60D191A820FE74F /* Pods_flashChatPractice.framework in Frameworks */ = {isa = PBXBuildFile; fileRef = 40350B4770FCC0D3F398EF71 /* Pods_flashChatPractice.framework */; };
		F959992B2AB4BF82003F48DD /* AppDelegate.swift in Sources */ = {isa = PBXBuildFile; fileRef = F959992A2AB4BF82003F48DD /* AppDelegate.swift */; };
		F959992D2AB4BF82003F48DD /* SceneDelegate.swift in Sources */ = {isa = PBXBuildFile; fileRef = F959992C2AB4BF82003F48DD /* SceneDelegate.swift */; };
		F959992F2AB4BF82003F48DD /* WelcomeViewController.swift in Sources */ = {isa = PBXBuildFile; fileRef = F959992E2AB4BF82003F48DD /* WelcomeViewController.swift */; };
		F95999322AB4BF82003F48DD /* Main.storyboard in Resources */ = {isa = PBXBuildFile; fileRef = F95999302AB4BF82003F48DD /* Main.storyboard */; };
		F95999342AB4BF83003F48DD /* Assets.xcassets in Resources */ = {isa = PBXBuildFile; fileRef = F95999332AB4BF83003F48DD /* Assets.xcassets */; };
		F95999372AB4BF83003F48DD /* LaunchScreen.storyboard in Resources */ = {isa = PBXBuildFile; fileRef = F95999352AB4BF83003F48DD /* LaunchScreen.storyboard */; };
		F959993F2AB82869003F48DD /* RegisterViewController.swift in Sources */ = {isa = PBXBuildFile; fileRef = F959993E2AB82869003F48DD /* RegisterViewController.swift */; };
		F95999412AB82886003F48DD /* LoginViewController.swift in Sources */ = {isa = PBXBuildFile; fileRef = F95999402AB82886003F48DD /* LoginViewController.swift */; };
		F95999432AB828A5003F48DD /* ChatViewController.swift in Sources */ = {isa = PBXBuildFile; fileRef = F95999422AB828A5003F48DD /* ChatViewController.swift */; };
		F95999482AB89AC3003F48DD /* GoogleService-Info.plist in Resources */ = {isa = PBXBuildFile; fileRef = F95999472AB89AC3003F48DD /* GoogleService-Info.plist */; };
		F97428912AB9C15A002E3D35 /* Constant.swift in Sources */ = {isa = PBXBuildFile; fileRef = F97428902AB9C15A002E3D35 /* Constant.swift */; };
		F97428932AB9DE80002E3D35 /* Message.swift in Sources */ = {isa = PBXBuildFile; fileRef = F97428922AB9DE80002E3D35 /* Message.swift */; };
		F97428962ABA0A70002E3D35 /* MessageCell.swift in Sources */ = {isa = PBXBuildFile; fileRef = F97428942ABA0A70002E3D35 /* MessageCell.swift */; };
		F97428972ABA0A70002E3D35 /* MessageCell.xib in Resources */ = {isa = PBXBuildFile; fileRef = F97428952ABA0A70002E3D35 /* MessageCell.xib */; };
		F974289A2ABDF31A002E3D35 /* IQKeyboardManagerSwift in Frameworks */ = {isa = PBXBuildFile; productRef = F97428992ABDF31A002E3D35 /* IQKeyboardManagerSwift */; };
/* End PBXBuildFile section */

/* Begin PBXFileReference section */
		1CA2DEAE44560C6CA2140E76 /* Pods-flashChatPractice.debug.xcconfig */ = {isa = PBXFileReference; includeInIndex = 1; lastKnownFileType = text.xcconfig; name = "Pods-flashChatPractice.debug.xcconfig"; path = "Target Support Files/Pods-flashChatPractice/Pods-flashChatPractice.debug.xcconfig"; sourceTree = "<group>"; };
		40350B4770FCC0D3F398EF71 /* Pods_flashChatPractice.framework */ = {isa = PBXFileReference; explicitFileType = wrapper.framework; includeInIndex = 0; path = Pods_flashChatPractice.framework; sourceTree = BUILT_PRODUCTS_DIR; };
		4F9255D4FCB7D1D4FAAB3448 /* Pods-flashChatPractice.release.xcconfig */ = {isa = PBXFileReference; includeInIndex = 1; lastKnownFileType = text.xcconfig; name = "Pods-flashChatPractice.release.xcconfig"; path = "Target Support Files/Pods-flashChatPractice/Pods-flashChatPractice.release.xcconfig"; sourceTree = "<group>"; };
		F95999272AB4BF82003F48DD /* flashChatPractice.app */ = {isa = PBXFileReference; explicitFileType = wrapper.application; includeInIndex = 0; path = flashChatPractice.app; sourceTree = BUILT_PRODUCTS_DIR; };
		F959992A2AB4BF82003F48DD /* AppDelegate.swift */ = {isa = PBXFileReference; lastKnownFileType = sourcecode.swift; path = AppDelegate.swift; sourceTree = "<group>"; };
		F959992C2AB4BF82003F48DD /* SceneDelegate.swift */ = {isa = PBXFileReference; lastKnownFileType = sourcecode.swift; path = SceneDelegate.swift; sourceTree = "<group>"; };
		F959992E2AB4BF82003F48DD /* WelcomeViewController.swift */ = {isa = PBXFileReference; lastKnownFileType = sourcecode.swift; path = WelcomeViewController.swift; sourceTree = "<group>"; };
		F95999312AB4BF82003F48DD /* Base */ = {isa = PBXFileReference; lastKnownFileType = file.storyboard; name = Base; path = Base.lproj/Main.storyboard; sourceTree = "<group>"; };
		F95999332AB4BF83003F48DD /* Assets.xcassets */ = {isa = PBXFileReference; lastKnownFileType = folder.assetcatalog; path = Assets.xcassets; sourceTree = "<group>"; };
		F95999362AB4BF83003F48DD /* Base */ = {isa = PBXFileReference; lastKnownFileType = file.storyboard; name = Base; path = Base.lproj/LaunchScreen.storyboard; sourceTree = "<group>"; };
		F95999382AB4BF83003F48DD /* Info.plist */ = {isa = PBXFileReference; lastKnownFileType = text.plist.xml; path = Info.plist; sourceTree = "<group>"; };
		F959993E2AB82869003F48DD /* RegisterViewController.swift */ = {isa = PBXFileReference; lastKnownFileType = sourcecode.swift; path = RegisterViewController.swift; sourceTree = "<group>"; };
		F95999402AB82886003F48DD /* LoginViewController.swift */ = {isa = PBXFileReference; lastKnownFileType = sourcecode.swift; path = LoginViewController.swift; sourceTree = "<group>"; };
		F95999422AB828A5003F48DD /* ChatViewController.swift */ = {isa = PBXFileReference; lastKnownFileType = sourcecode.swift; path = ChatViewController.swift; sourceTree = "<group>"; };
		F95999472AB89AC3003F48DD /* GoogleService-Info.plist */ = {isa = PBXFileReference; fileEncoding = 4; lastKnownFileType = text.plist.xml; path = "GoogleService-Info.plist"; sourceTree = "<group>"; };
		F97428902AB9C15A002E3D35 /* Constant.swift */ = {isa = PBXFileReference; lastKnownFileType = sourcecode.swift; path = Constant.swift; sourceTree = "<group>"; };
		F97428922AB9DE80002E3D35 /* Message.swift */ = {isa = PBXFileReference; lastKnownFileType = sourcecode.swift; path = Message.swift; sourceTree = "<group>"; };
		F97428942ABA0A70002E3D35 /* MessageCell.swift */ = {isa = PBXFileReference; lastKnownFileType = sourcecode.swift; path = MessageCell.swift; sourceTree = "<group>"; };
		F97428952ABA0A70002E3D35 /* MessageCell.xib */ = {isa = PBXFileReference; lastKnownFileType = file.xib; path = MessageCell.xib; sourceTree = "<group>"; };
/* End PBXFileReference section */

/* Begin PBXFrameworksBuildPhase section */
		F95999242AB4BF82003F48DD /* Frameworks */ = {
			isa = PBXFrameworksBuildPhase;
			buildActionMask = 2147483647;
			files = (
				B1CE2F28E60D191A820FE74F /* Pods_flashChatPractice.framework in Frameworks */,
				F974289A2ABDF31A002E3D35 /* IQKeyboardManagerSwift in Frameworks */,
			);
			runOnlyForDeploymentPostprocessing = 0;
		};
/* End PBXFrameworksBuildPhase section */

/* Begin PBXGroup section */
		74587EDAEEB7F9A80AFE5DA0 /* Frameworks */ = {
			isa = PBXGroup;
			children = (
				40350B4770FCC0D3F398EF71 /* Pods_flashChatPractice.framework */,
			);
			name = Frameworks;
			sourceTree = "<group>";
		};
		F51798F34C5173134E3D2905 /* Pods */ = {
			isa = PBXGroup;
			children = (
				1CA2DEAE44560C6CA2140E76 /* Pods-flashChatPractice.debug.xcconfig */,
				4F9255D4FCB7D1D4FAAB3448 /* Pods-flashChatPractice.release.xcconfig */,
			);
			path = Pods;
			sourceTree = "<group>";
		};
		F959991E2AB4BF82003F48DD = {
			isa = PBXGroup;
			children = (
				F95999292AB4BF82003F48DD /* flashChatPractice */,
				F95999282AB4BF82003F48DD /* Products */,
				F51798F34C5173134E3D2905 /* Pods */,
				74587EDAEEB7F9A80AFE5DA0 /* Frameworks */,
			);
			sourceTree = "<group>";
		};
		F95999282AB4BF82003F48DD /* Products */ = {
			isa = PBXGroup;
			children = (
				F95999272AB4BF82003F48DD /* flashChatPractice.app */,
			);
			name = Products;
			sourceTree = "<group>";
		};
		F95999292AB4BF82003F48DD /* flashChatPractice */ = {
			isa = PBXGroup;
			children = (
				F959992A2AB4BF82003F48DD /* AppDelegate.swift */,
				F959992C2AB4BF82003F48DD /* SceneDelegate.swift */,
				F97428902AB9C15A002E3D35 /* Constant.swift */,
				F95999452AB886E0003F48DD /* Model */,
				F95999462AB886E7003F48DD /* View */,
				F95999442AB886C6003F48DD /* Controller */,
				F95999332AB4BF83003F48DD /* Assets.xcassets */,
				F95999352AB4BF83003F48DD /* LaunchScreen.storyboard */,
				F95999382AB4BF83003F48DD /* Info.plist */,
				F95999472AB89AC3003F48DD /* GoogleService-Info.plist */,
			);
			path = flashChatPractice;
			sourceTree = "<group>";
		};
		F95999442AB886C6003F48DD /* Controller */ = {
			isa = PBXGroup;
			children = (
				F959992E2AB4BF82003F48DD /* WelcomeViewController.swift */,
				F959993E2AB82869003F48DD /* RegisterViewController.swift */,
				F95999402AB82886003F48DD /* LoginViewController.swift */,
				F95999422AB828A5003F48DD /* ChatViewController.swift */,
			);
			path = Controller;
			sourceTree = "<group>";
		};
		F95999452AB886E0003F48DD /* Model */ = {
			isa = PBXGroup;
			children = (
				F97428922AB9DE80002E3D35 /* Message.swift */,
			);
			path = Model;
			sourceTree = "<group>";
		};
		F95999462AB886E7003F48DD /* View */ = {
			isa = PBXGroup;
			children = (
				F95999302AB4BF82003F48DD /* Main.storyboard */,
				F97428942ABA0A70002E3D35 /* MessageCell.swift */,
				F97428952ABA0A70002E3D35 /* MessageCell.xib */,
			);
			path = View;
			sourceTree = "<group>";
		};
/* End PBXGroup section */

/* Begin PBXNativeTarget section */
		F95999262AB4BF82003F48DD /* flashChatPractice */ = {
			isa = PBXNativeTarget;
			buildConfigurationList = F959993B2AB4BF83003F48DD /* Build configuration list for PBXNativeTarget "flashChatPractice" */;
			buildPhases = (
				D63AC0ADC23E33C379887431 /* [CP] Check Pods Manifest.lock */,
				F95999232AB4BF82003F48DD /* Sources */,
				F95999242AB4BF82003F48DD /* Frameworks */,
				F95999252AB4BF82003F48DD /* Resources */,
				4EBAA319ED951494293B4896 /* [CP] Embed Pods Frameworks */,
			);
			buildRules = (
			);
			dependencies = (
			);
			name = flashChatPractice;
			packageProductDependencies = (
				F97428992ABDF31A002E3D35 /* IQKeyboardManagerSwift */,
			);
			productName = flashChatPractice;
			productReference = F95999272AB4BF82003F48DD /* flashChatPractice.app */;
			productType = "com.apple.product-type.application";
		};
/* End PBXNativeTarget section */

/* Begin PBXProject section */
		F959991F2AB4BF82003F48DD /* Project object */ = {
			isa = PBXProject;
			attributes = {
				BuildIndependentTargetsInParallel = 1;
				LastSwiftUpdateCheck = 1430;
				LastUpgradeCheck = 1430;
				TargetAttributes = {
					F95999262AB4BF82003F48DD = {
						CreatedOnToolsVersion = 14.3.1;
					};
				};
			};
			buildConfigurationList = F95999222AB4BF82003F48DD /* Build configuration list for PBXProject "flashChatPractice" */;
			compatibilityVersion = "Xcode 14.0";
			developmentRegion = en;
			hasScannedForEncodings = 0;
			knownRegions = (
				en,
				Base,
			);
			mainGroup = F959991E2AB4BF82003F48DD;
			packageReferences = (
				F97428982ABDF31A002E3D35 /* XCRemoteSwiftPackageReference "IQKeyboardManager" */,
			);
			productRefGroup = F95999282AB4BF82003F48DD /* Products */;
			projectDirPath = "";
			projectRoot = "";
			targets = (
				F95999262AB4BF82003F48DD /* flashChatPractice */,
			);
		};
/* End PBXProject section */

/* Begin PBXResourcesBuildPhase section */
		F95999252AB4BF82003F48DD /* Resources */ = {
			isa = PBXResourcesBuildPhase;
			buildActionMask = 2147483647;
			files = (
				F97428972ABA0A70002E3D35 /* MessageCell.xib in Resources */,
				F95999372AB4BF83003F48DD /* LaunchScreen.storyboard in Resources */,
				F95999482AB89AC3003F48DD /* GoogleService-Info.plist in Resources */,
				F95999342AB4BF83003F48DD /* Assets.xcassets in Resources */,
				F95999322AB4BF82003F48DD /* Main.storyboard in Resources */,
			);
			runOnlyForDeploymentPostprocessing = 0;
		};
/* End PBXResourcesBuildPhase section */

/* Begin PBXShellScriptBuildPhase section */
		4EBAA319ED951494293B4896 /* [CP] Embed Pods Frameworks */ = {
			isa = PBXShellScriptBuildPhase;
			buildActionMask = 2147483647;
			files = (
			);
			inputFileListPaths = (
				"${PODS_ROOT}/Target Support Files/Pods-flashChatPractice/Pods-flashChatPractice-frameworks-${CONFIGURATION}-input-files.xcfilelist",
			);
			name = "[CP] Embed Pods Frameworks";
			outputFileListPaths = (
				"${PODS_ROOT}/Target Support Files/Pods-flashChatPractice/Pods-flashChatPractice-frameworks-${CONFIGURATION}-output-files.xcfilelist",
			);
			runOnlyForDeploymentPostprocessing = 0;
			shellPath = /bin/sh;
			shellScript = "\"${PODS_ROOT}/Target Support Files/Pods-flashChatPractice/Pods-flashChatPractice-frameworks.sh\"\n";
			showEnvVarsInLog = 0;
		};
		D63AC0ADC23E33C379887431 /* [CP] Check Pods Manifest.lock */ = {
			isa = PBXShellScriptBuildPhase;
			buildActionMask = 2147483647;
			files = (
			);
			inputFileListPaths = (
			);
			inputPaths = (
				"${PODS_PODFILE_DIR_PATH}/Podfile.lock",
				"${PODS_ROOT}/Manifest.lock",
			);
			name = "[CP] Check Pods Manifest.lock";
			outputFileListPaths = (
			);
			outputPaths = (
				"$(DERIVED_FILE_DIR)/Pods-flashChatPractice-checkManifestLockResult.txt",
			);
			runOnlyForDeploymentPostprocessing = 0;
			shellPath = /bin/sh;
			shellScript = "diff \"${PODS_PODFILE_DIR_PATH}/Podfile.lock\" \"${PODS_ROOT}/Manifest.lock\" > /dev/null\nif [ $? != 0 ] ; then\n    # print error to STDERR\n    echo \"error: The sandbox is not in sync with the Podfile.lock. Run 'pod install' or update your CocoaPods installation.\" >&2\n    exit 1\nfi\n# This output is used by Xcode 'outputs' to avoid re-running this script phase.\necho \"SUCCESS\" > \"${SCRIPT_OUTPUT_FILE_0}\"\n";
			showEnvVarsInLog = 0;
		};
/* End PBXShellScriptBuildPhase section */

/* Begin PBXSourcesBuildPhase section */
		F95999232AB4BF82003F48DD /* Sources */ = {
			isa = PBXSourcesBuildPhase;
			buildActionMask = 2147483647;
			files = (
				F97428912AB9C15A002E3D35 /* Constant.swift in Sources */,
				F959993F2AB82869003F48DD /* RegisterViewController.swift in Sources */,
				F959992F2AB4BF82003F48DD /* WelcomeViewController.swift in Sources */,
				F959992B2AB4BF82003F48DD /* AppDelegate.swift in Sources */,
				F95999412AB82886003F48DD /* LoginViewController.swift in Sources */,
				F97428932AB9DE80002E3D35 /* Message.swift in Sources */,
				F95999432AB828A5003F48DD /* ChatViewController.swift in Sources */,
				F959992D2AB4BF82003F48DD /* SceneDelegate.swift in Sources */,
				F97428962ABA0A70002E3D35 /* MessageCell.swift in Sources */,
			);
			runOnlyForDeploymentPostprocessing = 0;
		};
/* End PBXSourcesBuildPhase section */

/* Begin PBXVariantGroup section */
		F95999302AB4BF82003F48DD /* Main.storyboard */ = {
			isa = PBXVariantGroup;
			children = (
				F95999312AB4BF82003F48DD /* Base */,
			);
			name = Main.storyboard;
			sourceTree = "<group>";
		};
		F95999352AB4BF83003F48DD /* LaunchScreen.storyboard */ = {
			isa = PBXVariantGroup;
			children = (
				F95999362AB4BF83003F48DD /* Base */,
			);
			name = LaunchScreen.storyboard;
			sourceTree = "<group>";
		};
/* End PBXVariantGroup section */

/* Begin XCBuildConfiguration section */
		F95999392AB4BF83003F48DD /* Debug */ = {
			isa = XCBuildConfiguration;
			buildSettings = {
				ALWAYS_SEARCH_USER_PATHS = NO;
				CLANG_ANALYZER_NONNULL = YES;
				CLANG_ANALYZER_NUMBER_OBJECT_CONVERSION = YES_AGGRESSIVE;
				CLANG_CXX_LANGUAGE_STANDARD = "gnu++20";
				CLANG_ENABLE_MODULES = YES;
				CLANG_ENABLE_OBJC_ARC = YES;
				CLANG_ENABLE_OBJC_WEAK = YES;
				CLANG_WARN_BLOCK_CAPTURE_AUTORELEASING = YES;
				CLANG_WARN_BOOL_CONVERSION = YES;
				CLANG_WARN_COMMA = YES;
				CLANG_WARN_CONSTANT_CONVERSION = YES;
				CLANG_WARN_DEPRECATED_OBJC_IMPLEMENTATIONS = YES;
				CLANG_WARN_DIRECT_OBJC_ISA_USAGE = YES_ERROR;
				CLANG_WARN_DOCUMENTATION_COMMENTS = YES;
				CLANG_WARN_EMPTY_BODY = YES;
				CLANG_WARN_ENUM_CONVERSION = YES;
				CLANG_WARN_INFINITE_RECURSION = YES;
				CLANG_WARN_INT_CONVERSION = YES;
				CLANG_WARN_NON_LITERAL_NULL_CONVERSION = YES;
				CLANG_WARN_OBJC_IMPLICIT_RETAIN_SELF = YES;
				CLANG_WARN_OBJC_LITERAL_CONVERSION = YES;
				CLANG_WARN_OBJC_ROOT_CLASS = YES_ERROR;
				CLANG_WARN_QUOTED_INCLUDE_IN_FRAMEWORK_HEADER = YES;
				CLANG_WARN_RANGE_LOOP_ANALYSIS = YES;
				CLANG_WARN_STRICT_PROTOTYPES = YES;
				CLANG_WARN_SUSPICIOUS_MOVE = YES;
				CLANG_WARN_UNGUARDED_AVAILABILITY = YES_AGGRESSIVE;
				CLANG_WARN_UNREACHABLE_CODE = YES;
				CLANG_WARN__DUPLICATE_METHOD_MATCH = YES;
				COPY_PHASE_STRIP = NO;
				DEBUG_INFORMATION_FORMAT = dwarf;
				ENABLE_STRICT_OBJC_MSGSEND = YES;
				ENABLE_TESTABILITY = YES;
				GCC_C_LANGUAGE_STANDARD = gnu11;
				GCC_DYNAMIC_NO_PIC = NO;
				GCC_NO_COMMON_BLOCKS = YES;
				GCC_OPTIMIZATION_LEVEL = 0;
				GCC_PREPROCESSOR_DEFINITIONS = (
					"DEBUG=1",
					"$(inherited)",
				);
				GCC_WARN_64_TO_32_BIT_CONVERSION = YES;
				GCC_WARN_ABOUT_RETURN_TYPE = YES_ERROR;
				GCC_WARN_UNDECLARED_SELECTOR = YES;
				GCC_WARN_UNINITIALIZED_AUTOS = YES_AGGRESSIVE;
				GCC_WARN_UNUSED_FUNCTION = YES;
				GCC_WARN_UNUSED_VARIABLE = YES;
				IPHONEOS_DEPLOYMENT_TARGET = 16.4;
				MTL_ENABLE_DEBUG_INFO = INCLUDE_SOURCE;
				MTL_FAST_MATH = YES;
				ONLY_ACTIVE_ARCH = YES;
				SDKROOT = iphoneos;
				SWIFT_ACTIVE_COMPILATION_CONDITIONS = DEBUG;
				SWIFT_OPTIMIZATION_LEVEL = "-Onone";
			};
			name = Debug;
		};
		F959993A2AB4BF83003F48DD /* Release */ = {
			isa = XCBuildConfiguration;
			buildSettings = {
				ALWAYS_SEARCH_USER_PATHS = NO;
				CLANG_ANALYZER_NONNULL = YES;
				CLANG_ANALYZER_NUMBER_OBJECT_CONVERSION = YES_AGGRESSIVE;
				CLANG_CXX_LANGUAGE_STANDARD = "gnu++20";
				CLANG_ENABLE_MODULES = YES;
				CLANG_ENABLE_OBJC_ARC = YES;
				CLANG_ENABLE_OBJC_WEAK = YES;
				CLANG_WARN_BLOCK_CAPTURE_AUTORELEASING = YES;
				CLANG_WARN_BOOL_CONVERSION = YES;
				CLANG_WARN_COMMA = YES;
				CLANG_WARN_CONSTANT_CONVERSION = YES;
				CLANG_WARN_DEPRECATED_OBJC_IMPLEMENTATIONS = YES;
				CLANG_WARN_DIRECT_OBJC_ISA_USAGE = YES_ERROR;
				CLANG_WARN_DOCUMENTATION_COMMENTS = YES;
				CLANG_WARN_EMPTY_BODY = YES;
				CLANG_WARN_ENUM_CONVERSION = YES;
				CLANG_WARN_INFINITE_RECURSION = YES;
				CLANG_WARN_INT_CONVERSION = YES;
				CLANG_WARN_NON_LITERAL_NULL_CONVERSION = YES;
				CLANG_WARN_OBJC_IMPLICIT_RETAIN_SELF = YES;
				CLANG_WARN_OBJC_LITERAL_CONVERSION = YES;
				CLANG_WARN_OBJC_ROOT_CLASS = YES_ERROR;
				CLANG_WARN_QUOTED_INCLUDE_IN_FRAMEWORK_HEADER = YES;
				CLANG_WARN_RANGE_LOOP_ANALYSIS = YES;
				CLANG_WARN_STRICT_PROTOTYPES = YES;
				CLANG_WARN_SUSPICIOUS_MOVE = YES;
				CLANG_WARN_UNGUARDED_AVAILABILITY = YES_AGGRESSIVE;
				CLANG_WARN_UNREACHABLE_CODE = YES;
				CLANG_WARN__DUPLICATE_METHOD_MATCH = YES;
				COPY_PHASE_STRIP = NO;
				DEBUG_INFORMATION_FORMAT = "dwarf-with-dsym";
				ENABLE_NS_ASSERTIONS = NO;
				ENABLE_STRICT_OBJC_MSGSEND = YES;
				GCC_C_LANGUAGE_STANDARD = gnu11;
				GCC_NO_COMMON_BLOCKS = YES;
				GCC_WARN_64_TO_32_BIT_CONVERSION = YES;
				GCC_WARN_ABOUT_RETURN_TYPE = YES_ERROR;
				GCC_WARN_UNDECLARED_SELECTOR = YES;
				GCC_WARN_UNINITIALIZED_AUTOS = YES_AGGRESSIVE;
				GCC_WARN_UNUSED_FUNCTION = YES;
				GCC_WARN_UNUSED_VARIABLE = YES;
				IPHONEOS_DEPLOYMENT_TARGET = 16.4;
				MTL_ENABLE_DEBUG_INFO = NO;
				MTL_FAST_MATH = YES;
				SDKROOT = iphoneos;
				SWIFT_COMPILATION_MODE = wholemodule;
				SWIFT_OPTIMIZATION_LEVEL = "-O";
				VALIDATE_PRODUCT = YES;
			};
			name = Release;
		};
		F959993C2AB4BF83003F48DD /* Debug */ = {
			isa = XCBuildConfiguration;
			baseConfigurationReference = 1CA2DEAE44560C6CA2140E76 /* Pods-flashChatPractice.debug.xcconfig */;
			buildSettings = {
				ASSETCATALOG_COMPILER_APPICON_NAME = AppIcon;
				ASSETCATALOG_COMPILER_GLOBAL_ACCENT_COLOR_NAME = AccentColor;
				CODE_SIGN_STYLE = Automatic;
				CURRENT_PROJECT_VERSION = 1;
				GENERATE_INFOPLIST_FILE = YES;
				INFOPLIST_FILE = flashChatPractice/Info.plist;
				INFOPLIST_KEY_UIApplicationSupportsIndirectInputEvents = YES;
				INFOPLIST_KEY_UILaunchStoryboardName = LaunchScreen;
				INFOPLIST_KEY_UIMainStoryboardFile = Main;
				INFOPLIST_KEY_UISupportedInterfaceOrientations_iPad = "UIInterfaceOrientationPortrait UIInterfaceOrientationPortraitUpsideDown UIInterfaceOrientationLandscapeLeft UIInterfaceOrientationLandscapeRight";
				INFOPLIST_KEY_UISupportedInterfaceOrientations_iPhone = "UIInterfaceOrientationPortrait UIInterfaceOrientationLandscapeLeft UIInterfaceOrientationLandscapeRight";
				IPHONEOS_DEPLOYMENT_TARGET = 14.1;
				LD_RUNPATH_SEARCH_PATHS = (
					"$(inherited)",
					"@executable_path/Frameworks",
				);
				MARKETING_VERSION = 1.0;
				PRODUCT_BUNDLE_IDENTIFIER = www.na.flashChatPractice;
				PRODUCT_NAME = "$(TARGET_NAME)";
				SUPPORTED_PLATFORMS = "iphoneos iphonesimulator";
				SUPPORTS_MACCATALYST = NO;
				SUPPORTS_MAC_DESIGNED_FOR_IPHONE_IPAD = NO;
				SWIFT_EMIT_LOC_STRINGS = YES;
				SWIFT_VERSION = 5.0;
				TARGETED_DEVICE_FAMILY = 1;
			};
			name = Debug;
		};
		F959993D2AB4BF83003F48DD /* Release */ = {
			isa = XCBuildConfiguration;
			baseConfigurationReference = 4F9255D4FCB7D1D4FAAB3448 /* Pods-flashChatPractice.release.xcconfig */;
			buildSettings = {
				ASSETCATALOG_COMPILER_APPICON_NAME = AppIcon;
				ASSETCATALOG_COMPILER_GLOBAL_ACCENT_COLOR_NAME = AccentColor;
				CODE_SIGN_STYLE = Automatic;
				CURRENT_PROJECT_VERSION = 1;
				GENERATE_INFOPLIST_FILE = YES;
				INFOPLIST_FILE = flashChatPractice/Info.plist;
				INFOPLIST_KEY_UIApplicationSupportsIndirectInputEvents = YES;
				INFOPLIST_KEY_UILaunchStoryboardName = LaunchScreen;
				INFOPLIST_KEY_UIMainStoryboardFile = Main;
				INFOPLIST_KEY_UISupportedInterfaceOrientations_iPad = "UIInterfaceOrientationPortrait UIInterfaceOrientationPortraitUpsideDown UIInterfaceOrientationLandscapeLeft UIInterfaceOrientationLandscapeRight";
				INFOPLIST_KEY_UISupportedInterfaceOrientations_iPhone = "UIInterfaceOrientationPortrait UIInterfaceOrientationLandscapeLeft UIInterfaceOrientationLandscapeRight";
				IPHONEOS_DEPLOYMENT_TARGET = 14.1;
				LD_RUNPATH_SEARCH_PATHS = (
					"$(inherited)",
					"@executable_path/Frameworks",
				);
				MARKETING_VERSION = 1.0;
				PRODUCT_BUNDLE_IDENTIFIER = www.na.flashChatPractice;
				PRODUCT_NAME = "$(TARGET_NAME)";
				SUPPORTED_PLATFORMS = "iphoneos iphonesimulator";
				SUPPORTS_MACCATALYST = NO;
				SUPPORTS_MAC_DESIGNED_FOR_IPHONE_IPAD = NO;
				SWIFT_EMIT_LOC_STRINGS = YES;
				SWIFT_VERSION = 5.0;
				TARGETED_DEVICE_FAMILY = 1;
			};
			name = Release;
		};
/* End XCBuildConfiguration section */

/* Begin XCConfigurationList section */
		F95999222AB4BF82003F48DD /* Build configuration list for PBXProject "flashChatPractice" */ = {
			isa = XCConfigurationList;
			buildConfigurations = (
				F95999392AB4BF83003F48DD /* Debug */,
				F959993A2AB4BF83003F48DD /* Release */,
			);
			defaultConfigurationIsVisible = 0;
			defaultConfigurationName = Release;
		};
		F959993B2AB4BF83003F48DD /* Build configuration list for PBXNativeTarget "flashChatPractice" */ = {
			isa = XCConfigurationList;
			buildConfigurations = (
				F959993C2AB4BF83003F48DD /* Debug */,
				F959993D2AB4BF83003F48DD /* Release */,
			);
			defaultConfigurationIsVisible = 0;
			defaultConfigurationName = Release;
		};
/* End XCConfigurationList section */

/* Begin XCRemoteSwiftPackageReference section */
		F97428982ABDF31A002E3D35 /* XCRemoteSwiftPackageReference "IQKeyboardManager" */ = {
			isa = XCRemoteSwiftPackageReference;
			repositoryURL = "https://github.com/hackiftekhar/IQKeyboardManager";
			requirement = {
				kind = upToNextMajorVersion;
				minimumVersion = 6.0.0;
			};
		};
/* End XCRemoteSwiftPackageReference section */

/* Begin XCSwiftPackageProductDependency section */
		F97428992ABDF31A002E3D35 /* IQKeyboardManagerSwift */ = {
			isa = XCSwiftPackageProductDependency;
			package = F97428982ABDF31A002E3D35 /* XCRemoteSwiftPackageReference "IQKeyboardManager" */;
			productName = IQKeyboardManagerSwift;
		};
/* End XCSwiftPackageProductDependency section */
	};
	rootObject = F959991F2AB4BF82003F48DD /* Project object */;
}
